
Microsoft Visual Studio Solution File, Format Version 12.00
# Visual Studio Version 17
VisualStudioVersion = 17.2.32519.379
MinimumVisualStudioVersion = 10.0.40219.1
Project("{FAE04EC0-301F-11D3-BF4B-00C04F79EFBC}") = "Ortak Kod Yazma Uygulaması", "Ortak Kod Yazma Uygulaması\Ortak Kod Yazma Uygulaması.csproj", "{9378C1D1-D8BD-4999-A682-528C8E634949}"
EndProject
Global
	GlobalSection(SolutionConfigurationPlatforms) = preSolution
		Debug|Any CPU = Debug|Any CPU
		Release|Any CPU = Release|Any CPU
	EndGlobalSection
	GlobalSection(ProjectConfigurationPlatforms) = postSolution
		{9378C1D1-D8BD-4999-A682-528C8E634949}.Debug|Any CPU.ActiveCfg = Debug|Any CPU
		{9378C1D1-D8BD-4999-A682-528C8E634949}.Debug|Any CPU.Build.0 = Debug|Any CPU
		{9378C1D1-D8BD-4999-A682-528C8E634949}.Release|Any CPU.ActiveCfg = Release|Any CPU
		{9378C1D1-D8BD-4999-A682-528C8E634949}.Release|Any CPU.Build.0 = Release|Any CPU
	EndGlobalSection
	GlobalSection(SolutionProperties) = preSolution
		HideSolutionNode = FALSE
	EndGlobalSection
	GlobalSection(ExtensibilityGlobals) = postSolution
		SolutionGuid = {99DFCC0A-8C3C-4CA8-AAFF-A3640525F271}
	EndGlobalSection
EndGlobal
